// !$*UTF8*$!
{
	archiveVersion = 1;
	classes = {
	};
	objectVersion = 50;
	objects = {

/* Begin PBXBuildFile section */
		0079489023AB4AF3006DB77A /* Obfuscator.swift in Sources */ = {isa = PBXBuildFile; fileRef = 0079488F23AB4AF3006DB77A /* Obfuscator.swift */; };
		0079489223AB4B95006DB77A /* DeleteNotes.swift in Sources */ = {isa = PBXBuildFile; fileRef = 0079489123AB4B95006DB77A /* DeleteNotes.swift */; };
		0079489423AB4BE6006DB77A /* RenameClass.swift in Sources */ = {isa = PBXBuildFile; fileRef = 0079489323AB4BE6006DB77A /* RenameClass.swift */; };
		0079489623AB4F2D006DB77A /* ObfuscatorModify.swift in Sources */ = {isa = PBXBuildFile; fileRef = 0079489523AB4F2D006DB77A /* ObfuscatorModify.swift */; };
		0079489823AB50BB006DB77A /* RenameFunc.swift in Sources */ = {isa = PBXBuildFile; fileRef = 0079489723AB50BB006DB77A /* RenameFunc.swift */; };
		0079489A23AB547C006DB77A /* RenameProperty.swift in Sources */ = {isa = PBXBuildFile; fileRef = 0079489923AB547C006DB77A /* RenameProperty.swift */; };
		0079489C23AB90F9006DB77A /* ExtractHardCode.swift in Sources */ = {isa = PBXBuildFile; fileRef = 0079489B23AB90F9006DB77A /* ExtractHardCode.swift */; };
		00FC6B5123A8A80700D67B71 /* AppDelegate.swift in Sources */ = {isa = PBXBuildFile; fileRef = 00FC6B5023A8A80700D67B71 /* AppDelegate.swift */; };
		00FC6B5323A8A80700D67B71 /* ViewC ontroller.swift in Sources */ = {isa = PBXBuildFile; fileRef = 00FC6B5223A8A80700D67B71 /* ViewC ontroller.swift */; };
		00FC6B5523A8A80800D67B71 /* Assets.xcassets in Resources */ = {isa = PBXBuildFile; fileRef = 00FC6B5423A8A80800D67B71 /* Assets.xcassets */; };
		00FC6B5823A8A80800D67B71 /* Main.storyboard in Resources */ = {isa = PBXBuildFile; fileRef = 00FC6B5623A8A80800D67B71 /* Main.storyboard */; };
		00FC6B6423A8A80800D67B71 /* CCPObfuscationTests.swift in Sources */ = {isa = PBXBuildFile; fileRef = 00FC6B6323A8A80800D67B71 /* CCPObfuscationTests.swift */; };
		00FC6B7023A8A84600D67B71 /* ObfuscatorUtils.swift in Sources */ = {isa = PBXBuildFile; fileRef = 00FC6B6F23A8A84600D67B71 /* ObfuscatorUtils.swift */; };
/* End PBXBuildFile section */

/* Begin PBXContainerItemProxy section */
		00FC6B6023A8A80800D67B71 /* PBXContainerItemProxy */ = {
			isa = PBXContainerItemProxy;
			containerPortal = 00FC6B4523A8A80600D67B71 /* Project object */;
			proxyType = 1;
			remoteGlobalIDString = 00FC6B4C23A8A80600D67B71;
			remoteInfo = CCPObfuscation;
		};
/* End PBXContainerItemProxy section */

/* Begin PBXFileReference section */
		0079488F23AB4AF3006DB77A /* Obfuscator.swift */ = {isa = PBXFileReference; lastKnownFileType = sourcecode.swift; path = Obfuscator.swift; sourceTree = "<group>"; };
		0079489123AB4B95006DB77A /* DeleteNotes.swift */ = {isa = PBXFileReference; lastKnownFileType = sourcecode.swift; path = DeleteNotes.swift; sourceTree = "<group>"; };
		0079489323AB4BE6006DB77A /* RenameClass.swift */ = {isa = PBXFileReference; lastKnownFileType = sourcecode.swift; path = RenameClass.swift; sourceTree = "<group>"; };
		0079489523AB4F2D006DB77A /* ObfuscatorModify.swift */ = {isa = PBXFileReference; lastKnownFileType = sourcecode.swift; path = ObfuscatorModify.swift; sourceTree = "<group>"; };
		0079489723AB50BB006DB77A /* RenameFunc.swift */ = {isa = PBXFileReference; lastKnownFileType = sourcecode.swift; path = RenameFunc.swift; sourceTree = "<group>"; };
		0079489923AB547C006DB77A /* RenameProperty.swift */ = {isa = PBXFileReference; lastKnownFileType = sourcecode.swift; path = RenameProperty.swift; sourceTree = "<group>"; };
		0079489B23AB90F9006DB77A /* ExtractHardCode.swift */ = {isa = PBXFileReference; lastKnownFileType = sourcecode.swift; path = ExtractHardCode.swift; sourceTree = "<group>"; };
		00FC6B4D23A8A80600D67B71 /* CCPObfuscation.app */ = {isa = PBXFileReference; explicitFileType = wrapper.application; includeInIndex = 0; path = CCPObfuscation.app; sourceTree = BUILT_PRODUCTS_DIR; };
		00FC6B5023A8A80700D67B71 /* AppDelegate.swift */ = {isa = PBXFileReference; lastKnownFileType = sourcecode.swift; path = AppDelegate.swift; sourceTree = "<group>"; };
		00FC6B5223A8A80700D67B71 /* ViewC ontroller.swift */ = {isa = PBXFileReference; lastKnownFileType = sourcecode.swift; path = "ViewC ontroller.swift"; sourceTree = "<group>"; };
		00FC6B5423A8A80800D67B71 /* Assets.xcassets */ = {isa = PBXFileReference; lastKnownFileType = folder.assetcatalog; path = Assets.xcassets; sourceTree = "<group>"; };
		00FC6B5723A8A80800D67B71 /* Base */ = {isa = PBXFileReference; lastKnownFileType = file.storyboard; name = Base; path = Base.lproj/Main.storyboard; sourceTree = "<group>"; };
		00FC6B5923A8A80800D67B71 /* Info.plist */ = {isa = PBXFileReference; lastKnownFileType = text.plist.xml; path = Info.plist; sourceTree = "<group>"; };
		00FC6B5A23A8A80800D67B71 /* CCPObfuscation.entitlements */ = {isa = PBXFileReference; lastKnownFileType = text.plist.entitlements; path = CCPObfuscation.entitlements; sourceTree = "<group>"; };
		00FC6B5F23A8A80800D67B71 /* CCPObfuscationTests.xctest */ = {isa = PBXFileReference; explicitFileType = wrapper.cfbundle; includeInIndex = 0; path = CCPObfuscationTests.xctest; sourceTree = BUILT_PRODUCTS_DIR; };
		00FC6B6323A8A80800D67B71 /* CCPObfuscationTests.swift */ = {isa = PBXFileReference; lastKnownFileType = sourcecode.swift; path = CCPObfuscationTests.swift; sourceTree = "<group>"; };
		00FC6B6523A8A80800D67B71 /* Info.plist */ = {isa = PBXFileReference; lastKnownFileType = text.plist.xml; path = Info.plist; sourceTree = "<group>"; };
		00FC6B6F23A8A84600D67B71 /* ObfuscatorUtils.swift */ = {isa = PBXFileReference; lastKnownFileType = sourcecode.swift; path = ObfuscatorUtils.swift; sourceTree = "<group>"; };
/* End PBXFileReference section */

/* Begin PBXFrameworksBuildPhase section */
		00FC6B4A23A8A80600D67B71 /* Frameworks */ = {
			isa = PBXFrameworksBuildPhase;
			buildActionMask = 2147483647;
			files = (
			);
			runOnlyForDeploymentPostprocessing = 0;
		};
		00FC6B5C23A8A80800D67B71 /* Frameworks */ = {
			isa = PBXFrameworksBuildPhase;
			buildActionMask = 2147483647;
			files = (
			);
			runOnlyForDeploymentPostprocessing = 0;
		};
/* End PBXFrameworksBuildPhase section */

/* Begin PBXGroup section */
		00FC6B4423A8A80600D67B71 = {
			isa = PBXGroup;
			children = (
				00FC6B4F23A8A80600D67B71 /* CCPObfuscation */,
				00FC6B6223A8A80800D67B71 /* CCPObfuscationTests */,
				00FC6B4E23A8A80600D67B71 /* Products */,
			);
			sourceTree = "<group>";
		};
		00FC6B4E23A8A80600D67B71 /* Products */ = {
			isa = PBXGroup;
			children = (
				00FC6B4D23A8A80600D67B71 /* CCPObfuscation.app */,
				00FC6B5F23A8A80800D67B71 /* CCPObfuscationTests.xctest */,
			);
			name = Products;
			sourceTree = "<group>";
		};
		00FC6B4F23A8A80600D67B71 /* CCPObfuscation */ = {
			isa = PBXGroup;
			children = (
				00FC6B6E23A8A82600D67B71 /* Obfuscator */,
				00FC6B5023A8A80700D67B71 /* AppDelegate.swift */,
				00FC6B5223A8A80700D67B71 /* ViewC ontroller.swift */,
				00FC6B5423A8A80800D67B71 /* Assets.xcassets */,
				00FC6B5623A8A80800D67B71 /* Main.storyboard */,
				00FC6B5923A8A80800D67B71 /* Info.plist */,
				00FC6B5A23A8A80800D67B71 /* CCPObfuscation.entitlements */,
			);
			path = CCPObfuscation;
			sourceTree = "<group>";
		};
		00FC6B6223A8A80800D67B71 /* CCPObfuscationTests */ = {
			isa = PBXGroup;
			children = (
				00FC6B6323A8A80800D67B71 /* CCPObfuscationTests.swift */,
				00FC6B6523A8A80800D67B71 /* Info.plist */,
			);
			path = CCPObfuscationTests;
			sourceTree = "<group>";
		};
		00FC6B6E23A8A82600D67B71 /* Obfuscator */ = {
			isa = PBXGroup;
			children = (
				00FC6B6F23A8A84600D67B71 /* ObfuscatorUtils.swift */,
				0079489523AB4F2D006DB77A /* ObfuscatorModify.swift */,
				0079488F23AB4AF3006DB77A /* Obfuscator.swift */,
				0079489123AB4B95006DB77A /* DeleteNotes.swift */,
				0079489323AB4BE6006DB77A /* RenameClass.swift */,
				0079489723AB50BB006DB77A /* RenameFunc.swift */,
				0079489923AB547C006DB77A /* RenameProperty.swift */,
				0079489B23AB90F9006DB77A /* ExtractHardCode.swift */,
			);
			path = Obfuscator;
			sourceTree = "<group>";
		};
/* End PBXGroup section */

/* Begin PBXNativeTarget section */
		00FC6B4C23A8A80600D67B71 /* CCPObfuscation */ = {
			isa = PBXNativeTarget;
			buildConfigurationList = 00FC6B6823A8A80800D67B71 /* Build configuration list for PBXNativeTarget "CCPObfuscation" */;
			buildPhases = (
				00FC6B4923A8A80600D67B71 /* Sources */,
				00FC6B4A23A8A80600D67B71 /* Frameworks */,
				00FC6B4B23A8A80600D67B71 /* Resources */,
			);
			buildRules = (
			);
			dependencies = (
			);
			name = CCPObfuscation;
			productName = CCPObfuscation;
			productReference = 00FC6B4D23A8A80600D67B71 /* CCPObfuscation.app */;
			productType = "com.apple.product-type.application";
		};
		00FC6B5E23A8A80800D67B71 /* CCPObfuscationTests */ = {
			isa = PBXNativeTarget;
			buildConfigurationList = 00FC6B6B23A8A80800D67B71 /* Build configuration list for PBXNativeTarget "CCPObfuscationTests" */;
			buildPhases = (
				00FC6B5B23A8A80800D67B71 /* Sources */,
				00FC6B5C23A8A80800D67B71 /* Frameworks */,
				00FC6B5D23A8A80800D67B71 /* Resources */,
			);
			buildRules = (
			);
			dependencies = (
				00FC6B6123A8A80800D67B71 /* PBXTargetDependency */,
			);
			name = CCPObfuscationTests;
			productName = CCPObfuscationTests;
			productReference = 00FC6B5F23A8A80800D67B71 /* CCPObfuscationTests.xctest */;
			productType = "com.apple.product-type.bundle.unit-test";
		};
/* End PBXNativeTarget section */

/* Begin PBXProject section */
		00FC6B4523A8A80600D67B71 /* Project object */ = {
			isa = PBXProject;
			attributes = {
				LastSwiftUpdateCheck = 1120;
				LastUpgradeCheck = 1120;
				ORGANIZATIONNAME = "储诚鹏";
				TargetAttributes = {
					00FC6B4C23A8A80600D67B71 = {
						CreatedOnToolsVersion = 11.2.1;
					};
					00FC6B5E23A8A80800D67B71 = {
						CreatedOnToolsVersion = 11.2.1;
						TestTargetID = 00FC6B4C23A8A80600D67B71;
					};
				};
			};
			buildConfigurationList = 00FC6B4823A8A80600D67B71 /* Build configuration list for PBXProject "CCPObfuscation" */;
			compatibilityVersion = "Xcode 9.3";
			developmentRegion = en;
			hasScannedForEncodings = 0;
			knownRegions = (
				en,
				Base,
			);
			mainGroup = 00FC6B4423A8A80600D67B71;
			productRefGroup = 00FC6B4E23A8A80600D67B71 /* Products */;
			projectDirPath = "";
			projectRoot = "";
			targets = (
				00FC6B4C23A8A80600D67B71 /* CCPObfuscation */,
				00FC6B5E23A8A80800D67B71 /* CCPObfuscationTests */,
			);
		};
/* End PBXProject section */

/* Begin PBXResourcesBuildPhase section */
		00FC6B4B23A8A80600D67B71 /* Resources */ = {
			isa = PBXResourcesBuildPhase;
			buildActionMask = 2147483647;
			files = (
				00FC6B5523A8A80800D67B71 /* Assets.xcassets in Resources */,
				00FC6B5823A8A80800D67B71 /* Main.storyboard in Resources */,
			);
			runOnlyForDeploymentPostprocessing = 0;
		};
		00FC6B5D23A8A80800D67B71 /* Resources */ = {
			isa = PBXResourcesBuildPhase;
			buildActionMask = 2147483647;
			files = (
			);
			runOnlyForDeploymentPostprocessing = 0;
		};
/* End PBXResourcesBuildPhase section */

/* Begin PBXSourcesBuildPhase section */
		00FC6B4923A8A80600D67B71 /* Sources */ = {
			isa = PBXSourcesBuildPhase;
			buildActionMask = 2147483647;
			files = (
				00FC6B5323A8A80700D67B71 /* ViewC ontroller.swift in Sources */,
				00FC6B7023A8A84600D67B71 /* ObfuscatorUtils.swift in Sources */,
				0079489223AB4B95006DB77A /* DeleteNotes.swift in Sources */,
				0079489623AB4F2D006DB77A /* ObfuscatorModify.swift in Sources */,
				00FC6B5123A8A80700D67B71 /* AppDelegate.swift in Sources */,
				0079489423AB4BE6006DB77A /* RenameClass.swift in Sources */,
				0079489023AB4AF3006DB77A /* Obfuscator.swift in Sources */,
				0079489C23AB90F9006DB77A /* ExtractHardCode.swift in Sources */,
				0079489A23AB547C006DB77A /* RenameProperty.swift in Sources */,
				0079489823AB50BB006DB77A /* RenameFunc.swift in Sources */,
			);
			runOnlyForDeploymentPostprocessing = 0;
		};
		00FC6B5B23A8A80800D67B71 /* Sources */ = {
			isa = PBXSourcesBuildPhase;
			buildActionMask = 2147483647;
			files = (
				00FC6B6423A8A80800D67B71 /* CCPObfuscationTests.swift in Sources */,
			);
			runOnlyForDeploymentPostprocessing = 0;
		};
/* End PBXSourcesBuildPhase section */

/* Begin PBXTargetDependency section */
		00FC6B6123A8A80800D67B71 /* PBXTargetDependency */ = {
			isa = PBXTargetDependency;
			target = 00FC6B4C23A8A80600D67B71 /* CCPObfuscation */;
			targetProxy = 00FC6B6023A8A80800D67B71 /* PBXContainerItemProxy */;
		};
/* End PBXTargetDependency section */

/* Begin PBXVariantGroup section */
		00FC6B5623A8A80800D67B71 /* Main.storyboard */ = {
			isa = PBXVariantGroup;
			children = (
				00FC6B5723A8A80800D67B71 /* Base */,
			);
			name = Main.storyboard;
			sourceTree = "<group>";
		};
/* End PBXVariantGroup section */

/* Begin XCBuildConfiguration section */
		00FC6B6623A8A80800D67B71 /* Debug */ = {
			isa = XCBuildConfiguration;
			buildSettings = {
				ALWAYS_SEARCH_USER_PATHS = NO;
				CLANG_ANALYZER_NONNULL = YES;
				CLANG_ANALYZER_NUMBER_OBJECT_CONVERSION = YES_AGGRESSIVE;
				CLANG_CXX_LANGUAGE_STANDARD = "gnu++14";
				CLANG_CXX_LIBRARY = "libc++";
				CLANG_ENABLE_MODULES = YES;
				CLANG_ENABLE_OBJC_ARC = YES;
				CLANG_ENABLE_OBJC_WEAK = YES;
				CLANG_WARN_BLOCK_CAPTURE_AUTORELEASING = YES;
				CLANG_WARN_BOOL_CONVERSION = YES;
				CLANG_WARN_COMMA = YES;
				CLANG_WARN_CONSTANT_CONVERSION = YES;
				CLANG_WARN_DEPRECATED_OBJC_IMPLEMENTATIONS = YES;
				CLANG_WARN_DIRECT_OBJC_ISA_USAGE = YES_ERROR;
				CLANG_WARN_DOCUMENTATION_COMMENTS = YES;
				CLANG_WARN_EMPTY_BODY = YES;
				CLANG_WARN_ENUM_CONVERSION = YES;
				CLANG_WARN_INFINITE_RECURSION = YES;
				CLANG_WARN_INT_CONVERSION = YES;
				CLANG_WARN_NON_LITERAL_NULL_CONVERSION = YES;
				CLANG_WARN_OBJC_IMPLICIT_RETAIN_SELF = YES;
				CLANG_WARN_OBJC_LITERAL_CONVERSION = YES;
				CLANG_WARN_OBJC_ROOT_CLASS = YES_ERROR;
				CLANG_WARN_RANGE_LOOP_ANALYSIS = YES;
				CLANG_WARN_STRICT_PROTOTYPES = YES;
				CLANG_WARN_SUSPICIOUS_MOVE = YES;
				CLANG_WARN_UNGUARDED_AVAILABILITY = YES_AGGRESSIVE;
				CLANG_WARN_UNREACHABLE_CODE = YES;
				CLANG_WARN__DUPLICATE_METHOD_MATCH = YES;
				COPY_PHASE_STRIP = NO;
				DEBUG_INFORMATION_FORMAT = dwarf;
				ENABLE_STRICT_OBJC_MSGSEND = YES;
				ENABLE_TESTABILITY = YES;
				GCC_C_LANGUAGE_STANDARD = gnu11;
				GCC_DYNAMIC_NO_PIC = NO;
				GCC_NO_COMMON_BLOCKS = YES;
				GCC_OPTIMIZATION_LEVEL = 0;
				GCC_PREPROCESSOR_DEFINITIONS = (
					"DEBUG=1",
					"$(inherited)",
				);
				GCC_WARN_64_TO_32_BIT_CONVERSION = YES;
				GCC_WARN_ABOUT_RETURN_TYPE = YES_ERROR;
				GCC_WARN_UNDECLARED_SELECTOR = YES;
				GCC_WARN_UNINITIALIZED_AUTOS = YES_AGGRESSIVE;
				GCC_WARN_UNUSED_FUNCTION = YES;
				GCC_WARN_UNUSED_VARIABLE = YES;
				MACOSX_DEPLOYMENT_TARGET = 10.8;
				MTL_ENABLE_DEBUG_INFO = INCLUDE_SOURCE;
				MTL_FAST_MATH = YES;
				ONLY_ACTIVE_ARCH = YES;
				SDKROOT = macosx;
				SWIFT_ACTIVE_COMPILATION_CONDITIONS = DEBUG;
				SWIFT_OPTIMIZATION_LEVEL = "-Onone";
			};
			name = Debug;
		};
		00FC6B6723A8A80800D67B71 /* Release */ = {
			isa = XCBuildConfiguration;
			buildSettings = {
				ALWAYS_SEARCH_USER_PATHS = NO;
				CLANG_ANALYZER_NONNULL = YES;
				CLANG_ANALYZER_NUMBER_OBJECT_CONVERSION = YES_AGGRESSIVE;
				CLANG_CXX_LANGUAGE_STANDARD = "gnu++14";
				CLANG_CXX_LIBRARY = "libc++";
				CLANG_ENABLE_MODULES = YES;
				CLANG_ENABLE_OBJC_ARC = YES;
				CLANG_ENABLE_OBJC_WEAK = YES;
				CLANG_WARN_BLOCK_CAPTURE_AUTORELEASING = YES;
				CLANG_WARN_BOOL_CONVERSION = YES;
				CLANG_WARN_COMMA = YES;
				CLANG_WARN_CONSTANT_CONVERSION = YES;
				CLANG_WARN_DEPRECATED_OBJC_IMPLEMENTATIONS = YES;
				CLANG_WARN_DIRECT_OBJC_ISA_USAGE = YES_ERROR;
				CLANG_WARN_DOCUMENTATION_COMMENTS = YES;
				CLANG_WARN_EMPTY_BODY = YES;
				CLANG_WARN_ENUM_CONVERSION = YES;
				CLANG_WARN_INFINITE_RECURSION = YES;
				CLANG_WARN_INT_CONVERSION = YES;
				CLANG_WARN_NON_LITERAL_NULL_CONVERSION = YES;
				CLANG_WARN_OBJC_IMPLICIT_RETAIN_SELF = YES;
				CLANG_WARN_OBJC_LITERAL_CONVERSION = YES;
				CLANG_WARN_OBJC_ROOT_CLASS = YES_ERROR;
				CLANG_WARN_RANGE_LOOP_ANALYSIS = YES;
				CLANG_WARN_STRICT_PROTOTYPES = YES;
				CLANG_WARN_SUSPICIOUS_MOVE = YES;
				CLANG_WARN_UNGUARDED_AVAILABILITY = YES_AGGRESSIVE;
				CLANG_WARN_UNREACHABLE_CODE = YES;
				CLANG_WARN__DUPLICATE_METHOD_MATCH = YES;
				COPY_PHASE_STRIP = NO;
				DEBUG_INFORMATION_FORMAT = "dwarf-with-dsym";
				ENABLE_NS_ASSERTIONS = NO;
				ENABLE_STRICT_OBJC_MSGSEND = YES;
				GCC_C_LANGUAGE_STANDARD = gnu11;
				GCC_NO_COMMON_BLOCKS = YES;
				GCC_WARN_64_TO_32_BIT_CONVERSION = YES;
				GCC_WARN_ABOUT_RETURN_TYPE = YES_ERROR;
				GCC_WARN_UNDECLARED_SELECTOR = YES;
				GCC_WARN_UNINITIALIZED_AUTOS = YES_AGGRESSIVE;
				GCC_WARN_UNUSED_FUNCTION = YES;
				GCC_WARN_UNUSED_VARIABLE = YES;
				MACOSX_DEPLOYMENT_TARGET = 10.8;
				MTL_ENABLE_DEBUG_INFO = NO;
				MTL_FAST_MATH = YES;
				SDKROOT = macosx;
				SWIFT_COMPILATION_MODE = wholemodule;
				SWIFT_OPTIMIZATION_LEVEL = "-O";
			};
			name = Release;
		};
		00FC6B6923A8A80800D67B71 /* Debug */ = {
			isa = XCBuildConfiguration;
			buildSettings = {
				ASSETCATALOG_COMPILER_APPICON_NAME = AppIcon;
				CODE_SIGN_ENTITLEMENTS = CCPObfuscation/CCPObfuscation.entitlements;
				CODE_SIGN_IDENTITY = "-";
				CODE_SIGN_STYLE = Automatic;
				COMBINE_HIDPI_IMAGES = YES;
				DEVELOPMENT_TEAM = "";
				INFOPLIST_FILE = CCPObfuscation/Info.plist;
				LD_RUNPATH_SEARCH_PATHS = (
					"$(inherited)",
					"@executable_path/../Frameworks",
				);
				MACOSX_DEPLOYMENT_TARGET = 10.12;
				PRODUCT_BUNDLE_IDENTIFIER = ccp.CCPObfuscation;
				PRODUCT_NAME = "$(TARGET_NAME)";
				PROVISIONING_PROFILE_SPECIFIER = "";
				SWIFT_VERSION = 5.0;
			};
			name = Debug;
		};
		00FC6B6A23A8A80800D67B71 /* Release */ = {
			isa = XCBuildConfiguration;
			buildSettings = {
				ASSETCATALOG_COMPILER_APPICON_NAME = AppIcon;
				CODE_SIGN_ENTITLEMENTS = CCPObfuscation/CCPObfuscation.entitlements;
				CODE_SIGN_STYLE = Manual;
				COMBINE_HIDPI_IMAGES = YES;
				DEVELOPMENT_TEAM = "";
				INFOPLIST_FILE = CCPObfuscation/Info.plist;
				LD_RUNPATH_SEARCH_PATHS = (
					"$(inherited)",
					"@executable_path/../Frameworks",
				);
				MACOSX_DEPLOYMENT_TARGET = 10.12;
				PRODUCT_BUNDLE_IDENTIFIER = ccp.CCPObfuscation;
				PRODUCT_NAME = "$(TARGET_NAME)";
				PROVISIONING_PROFILE_SPECIFIER = "";
				SWIFT_VERSION = 5.0;
			};
			name = Release;
		};
		00FC6B6C23A8A80800D67B71 /* Debug */ = {
			isa = XCBuildConfiguration;
			buildSettings = {
				ALWAYS_EMBED_SWIFT_STANDARD_LIBRARIES = YES;
				BUNDLE_LOADER = "$(TEST_HOST)";
				CODE_SIGN_STYLE = Automatic;
				COMBINE_HIDPI_IMAGES = YES;
				INFOPLIST_FILE = CCPObfuscationTests/Info.plist;
				LD_RUNPATH_SEARCH_PATHS = (
					"$(inherited)",
					"@executable_path/../Frameworks",
					"@loader_path/../Frameworks",
				);
				MACOSX_DEPLOYMENT_TARGET = 10.14;
				PRODUCT_BUNDLE_IDENTIFIER = ccp.CCPObfuscationTests;
				PRODUCT_NAME = "$(TARGET_NAME)";
				SWIFT_VERSION = 5.0;
				TEST_HOST = "$(BUILT_PRODUCTS_DIR)/CCPObfuscation.app/Contents/MacOS/CCPObfuscation";
			};
			name = Debug;
		};
		00FC6B6D23A8A80800D67B71 /* Release */ = {
			isa = XCBuildConfiguration;
			buildSettings = {
				ALWAYS_EMBED_SWIFT_STANDARD_LIBRARIES = YES;
				BUNDLE_LOADER = "$(TEST_HOST)";
				CODE_SIGN_STYLE = Automatic;
				COMBINE_HIDPI_IMAGES = YES;
				INFOPLIST_FILE = CCPObfuscationTests/Info.plist;
				LD_RUNPATH_SEARCH_PATHS = (
					"$(inherited)",
					"@executable_path/../Frameworks",
					"@loader_path/../Frameworks",
				);
				MACOSX_DEPLOYMENT_TARGET = 10.14;
				PRODUCT_BUNDLE_IDENTIFIER = ccp.CCPObfuscationTests;
				PRODUCT_NAME = "$(TARGET_NAME)";
				SWIFT_VERSION = 5.0;
				TEST_HOST = "$(BUILT_PRODUCTS_DIR)/CCPObfuscation.app/Contents/MacOS/CCPObfuscation";
			};
			name = Release;
		};
/* End XCBuildConfiguration section */

/* Begin XCConfigurationList section */
		00FC6B4823A8A80600D67B71 /* Build configuration list for PBXProject "CCPObfuscation" */ = {
			isa = XCConfigurationList;
			buildConfigurations = (
				00FC6B6623A8A80800D67B71 /* Debug */,
				00FC6B6723A8A80800D67B71 /* Release */,
			);
			defaultConfigurationIsVisible = 0;
			defaultConfigurationName = Release;
		};
		00FC6B6823A8A80800D67B71 /* Build configuration list for PBXNativeTarget "CCPObfuscation" */ = {
			isa = XCConfigurationList;
			buildConfigurations = (
				00FC6B6923A8A80800D67B71 /* Debug */,
				00FC6B6A23A8A80800D67B71 /* Release */,
			);
			defaultConfigurationIsVisible = 0;
			defaultConfigurationName = Release;
		};
		00FC6B6B23A8A80800D67B71 /* Build configuration list for PBXNativeTarget "CCPObfuscationTests" */ = {
			isa = XCConfigurationList;
			buildConfigurations = (
				00FC6B6C23A8A80800D67B71 /* Debug */,
				00FC6B6D23A8A80800D67B71 /* Release */,
			);
			defaultConfigurationIsVisible = 0;
			defaultConfigurationName = Release;
		};
/* End XCConfigurationList section */
	};
	rootObject = 00FC6B4523A8A80600D67B71 /* Project object */;
}
